
Microsoft Visual Studio Solution File, Format Version 12.00
# Visual Studio Version 17
VisualStudioVersion = 17.3.32929.385
MinimumVisualStudioVersion = 10.0.40219.1
Project("{FAE04EC0-301F-11D3-BF4B-00C04F79EFBC}") = "Assignment12", "Assignment12\Assignment12.csproj", "{32ACF08D-A367-44F1-86DD-290159B52AF4}"
EndProject
Global
	GlobalSection(SolutionConfigurationPlatforms) = preSolution
		Debug|Any CPU = Debug|Any CPU
		Release|Any CPU = Release|Any CPU
	EndGlobalSection
	GlobalSection(ProjectConfigurationPlatforms) = postSolution
		{32ACF08D-A367-44F1-86DD-290159B52AF4}.Debug|Any CPU.ActiveCfg = Debug|Any CPU
		{32ACF08D-A367-44F1-86DD-290159B52AF4}.Debug|Any CPU.Build.0 = Debug|Any CPU
		{32ACF08D-A367-44F1-86DD-290159B52AF4}.Release|Any CPU.ActiveCfg = Release|Any CPU
		{32ACF08D-A367-44F1-86DD-290159B52AF4}.Release|Any CPU.Build.0 = Release|Any CPU
	EndGlobalSection
	GlobalSection(SolutionProperties) = preSolution
		HideSolutionNode = FALSE
	EndGlobalSection
	GlobalSection(ExtensibilityGlobals) = postSolution
		SolutionGuid = {2B687BCA-CDD7-4CEE-B1B5-93299411CBD5}
	EndGlobalSection
EndGlobal
